Microsoft Visual Studio Solution File, Format Version 12.00
# Visual Studio Version 17
VisualStudioVersion = 17.12.35514.174
MinimumVisualStudioVersion = 10.0.40219.1
Project("{FAE04EC0-301F-11D3-BF4B-00C04F79EFBC}") = "Fhi.HelseId.ClientSecret.App", "ClientSecretTool\Fhi.HelseId.ClientSecret.App\Fhi.HelseId.ClientSecret.App.csproj", "{75E465F5-6C3E-495C-9977-90E78B60EA2C}"
EndProject
Project("{FAE04EC0-301F-11D3-BF4B-00C04F79EFBC}") = "Fhi.HelseId.Selvbetjening", "ClientSecretTool\Fhi.HelseId.Selvbetjening\Fhi.HelseId.Selvbetjening.csproj", "{8899AE30-D7F9-4F41-8F46-59E1465EFA87}"
EndProject
Project("{FAE04EC0-301F-11D3-BF4B-00C04F79EFBC}") = "Fhi.HelseId.ClientSecret.App.Tests", "ClientSecretTool\Fhi.HelseId.ClientSecrets.App.Tests\Fhi.HelseId.ClientSecret.App.Tests.csproj", "{9316FCC1-FF7D-4137-B8EC-92C2AB004DCF}"
EndProject
Global
	GlobalSection(SolutionConfigurationPlatforms) = preSolution
		Debug|Any CPU = Debug|Any CPU
		Release|Any CPU = Release|Any CPU
	EndGlobalSection
	GlobalSection(ProjectConfigurationPlatforms) = postSolution
		{75E465F5-6C3E-495C-9977-90E78B60EA2C}.Debug|Any CPU.ActiveCfg = Debug|Any CPU
		{75E465F5-6C3E-495C-9977-90E78B60EA2C}.Debug|Any CPU.Build.0 = Debug|Any CPU
		{75E465F5-6C3E-495C-9977-90E78B60EA2C}.Release|Any CPU.ActiveCfg = Release|Any CPU
		{75E465F5-6C3E-495C-9977-90E78B60EA2C}.Release|Any CPU.Build.0 = Release|Any CPU
		{8899AE30-D7F9-4F41-8F46-59E1465EFA87}.Debug|Any CPU.ActiveCfg = Debug|Any CPU
		{8899AE30-D7F9-4F41-8F46-59E1465EFA87}.Debug|Any CPU.Build.0 = Debug|Any CPU
		{8899AE30-D7F9-4F41-8F46-59E1465EFA87}.Release|Any CPU.ActiveCfg = Release|Any CPU
		{8899AE30-D7F9-4F41-8F46-59E1465EFA87}.Release|Any CPU.Build.0 = Release|Any CPU
		{9316FCC1-FF7D-4137-B8EC-92C2AB004DCF}.Debug|Any CPU.ActiveCfg = Debug|Any CPU
		{9316FCC1-FF7D-4137-B8EC-92C2AB004DCF}.Debug|Any CPU.Build.0 = Debug|Any CPU
		{9316FCC1-FF7D-4137-B8EC-92C2AB004DCF}.Release|Any CPU.ActiveCfg = Release|Any CPU
		{9316FCC1-FF7D-4137-B8EC-92C2AB004DCF}.Release|Any CPU.Build.0 = Release|Any CPU
	EndGlobalSection
	GlobalSection(SolutionProperties) = preSolution
		HideSolutionNode = FALSE
	EndGlobalSection
EndGlobal
